
Microsoft Visual Studio Solution File, Format Version 12.00
# Visual Studio Version 16
VisualStudioVersion = 16.0.30804.86
MinimumVisualStudioVersion = 10.0.40219.1
Project("{8BC9CEB8-8B4A-11D0-8D11-00A0C91BC942}") = "Good_Bye_2020", "Good_Bye_2020.vcxproj", "{2AD9585E-D259-4E04-A1F2-DD8303DEAF39}"
EndProject
Global
	GlobalSection(SolutionConfigurationPlatforms) = preSolution
		Debug|x64 = Debug|x64
		Debug|x86 = Debug|x86
		Release|x64 = Release|x64
		Release|x86 = Release|x86
	EndGlobalSection
	GlobalSection(ProjectConfigurationPlatforms) = postSolution
		{2AD9585E-D259-4E04-A1F2-DD8303DEAF39}.Debug|x64.ActiveCfg = Debug|x64
		{2AD9585E-D259-4E04-A1F2-DD8303DEAF39}.Debug|x64.Build.0 = Debug|x64
		{2AD9585E-D259-4E04-A1F2-DD8303DEAF39}.Debug|x86.ActiveCfg = Debug|Win32
		{2AD9585E-D259-4E04-A1F2-DD8303DEAF39}.Debug|x86.Build.0 = Debug|Win32
		{2AD9585E-D259-4E04-A1F2-DD8303DEAF39}.Release|x64.ActiveCfg = Release|x64
		{2AD9585E-D259-4E04-A1F2-DD8303DEAF39}.Release|x64.Build.0 = Release|x64
		{2AD9585E-D259-4E04-A1F2-DD8303DEAF39}.Release|x86.ActiveCfg = Release|Win32
		{2AD9585E-D259-4E04-A1F2-DD8303DEAF39}.Release|x86.Build.0 = Release|Win32
	EndGlobalSection
	GlobalSection(SolutionProperties) = preSolution
		HideSolutionNode = FALSE
	EndGlobalSection
	GlobalSection(ExtensibilityGlobals) = postSolution
		SolutionGuid = {E73DA86C-E4E7-4D46-8111-A3B08EFD0DF9}
	EndGlobalSection
EndGlobal
